
Microsoft Visual Studio Solution File, Format Version 10.00
# Visual Studio 2008
Project("{FAE04EC0-301F-11D3-BF4B-00C04F79EFBC}") = "taipan", "taipan\taipan.csproj", "{EEC5CFA7-F459-46BE-9FAB-DCA58F4B979B}"
EndProject
Global
	GlobalSection(SolutionConfigurationPlatforms) = preSolution
		Debug|Any CPU = Debug|Any CPU
		Release|Any CPU = Release|Any CPU
	EndGlobalSection
	GlobalSection(ProjectConfigurationPlatforms) = postSolution
		{EEC5CFA7-F459-46BE-9FAB-DCA58F4B979B}.Debug|Any CPU.ActiveCfg = Debug|Any CPU
		{EEC5CFA7-F459-46BE-9FAB-DCA58F4B979B}.Debug|Any CPU.Build.0 = Debug|Any CPU
		{EEC5CFA7-F459-46BE-9FAB-DCA58F4B979B}.Release|Any CPU.ActiveCfg = Release|Any CPU
		{EEC5CFA7-F459-46BE-9FAB-DCA58F4B979B}.Release|Any CPU.Build.0 = Release|Any CPU
	EndGlobalSection
	GlobalSection(SolutionProperties) = preSolution
		HideSolutionNode = FALSE
	EndGlobalSection
EndGlobal
