
Microsoft Visual Studio Solution File, Format Version 10.00
# Visual Studio 2008
Project("{FAE04EC0-301F-11D3-BF4B-00C04F79EFBC}") = "Bank", "Bank\Bank.csproj", "{0805EE52-A229-4287-96F3-B01004AE8BBD}"
EndProject
Project("{FAE04EC0-301F-11D3-BF4B-00C04F79EFBC}") = "EconomicPlayer", "EconomicPlayer\EconomicPlayer.csproj", "{57214C45-7E12-43F4-A1AD-ADE2DD919079}"
EndProject
Global
	GlobalSection(SolutionConfigurationPlatforms) = preSolution
		Debug|Any CPU = Debug|Any CPU
		Release|Any CPU = Release|Any CPU
	EndGlobalSection
	GlobalSection(ProjectConfigurationPlatforms) = postSolution
		{0805EE52-A229-4287-96F3-B01004AE8BBD}.Debug|Any CPU.ActiveCfg = Debug|Any CPU
		{0805EE52-A229-4287-96F3-B01004AE8BBD}.Debug|Any CPU.Build.0 = Debug|Any CPU
		{0805EE52-A229-4287-96F3-B01004AE8BBD}.Release|Any CPU.ActiveCfg = Release|Any CPU
		{0805EE52-A229-4287-96F3-B01004AE8BBD}.Release|Any CPU.Build.0 = Release|Any CPU
		{57214C45-7E12-43F4-A1AD-ADE2DD919079}.Debug|Any CPU.ActiveCfg = Debug|Any CPU
		{57214C45-7E12-43F4-A1AD-ADE2DD919079}.Debug|Any CPU.Build.0 = Debug|Any CPU
		{57214C45-7E12-43F4-A1AD-ADE2DD919079}.Release|Any CPU.ActiveCfg = Release|Any CPU
		{57214C45-7E12-43F4-A1AD-ADE2DD919079}.Release|Any CPU.Build.0 = Release|Any CPU
	EndGlobalSection
	GlobalSection(SolutionProperties) = preSolution
		HideSolutionNode = FALSE
	EndGlobalSection
EndGlobal
